
Microsoft Visual Studio Solution File, Format Version 12.00
# Visual Studio Version 16
VisualStudioVersion = 16.0.28803.202
MinimumVisualStudioVersion = 10.0.40219.1
Project("{FAE04EC0-301F-11D3-BF4B-00C04F79EFBC}") = "ConsoleTimeCalculator.Core", "ConsoleTimeCalculator.Core\ConsoleTimeCalculator.Core.csproj", "{386BB557-A0D8-4C33-BED2-176575B531AA}"
EndProject
Global
	GlobalSection(SolutionConfigurationPlatforms) = preSolution
		Debug|Any CPU = Debug|Any CPU
		Release|Any CPU = Release|Any CPU
	EndGlobalSection
	GlobalSection(ProjectConfigurationPlatforms) = postSolution
		{386BB557-A0D8-4C33-BED2-176575B531AA}.Debug|Any CPU.ActiveCfg = Debug|Any CPU
		{386BB557-A0D8-4C33-BED2-176575B531AA}.Debug|Any CPU.Build.0 = Debug|Any CPU
		{386BB557-A0D8-4C33-BED2-176575B531AA}.Release|Any CPU.ActiveCfg = Release|Any CPU
		{386BB557-A0D8-4C33-BED2-176575B531AA}.Release|Any CPU.Build.0 = Release|Any CPU
	EndGlobalSection
	GlobalSection(SolutionProperties) = preSolution
		HideSolutionNode = FALSE
	EndGlobalSection
	GlobalSection(ExtensibilityGlobals) = postSolution
		SolutionGuid = {1A210ABB-54B8-45C1-99C8-80C4FE0E173A}
	EndGlobalSection
EndGlobal
